
Microsoft Visual Studio Solution File, Format Version 12.00
# Visual Studio Version 16
VisualStudioVersion = 16.0.29123.88
MinimumVisualStudioVersion = 10.0.40219.1
Project("{FAE04EC0-301F-11D3-BF4B-00C04F79EFBC}") = "Student_Management", "Student_Management.csproj", "{711F72E1-747A-4826-B6C7-F462785DB491}"
EndProject
Global
	GlobalSection(SolutionConfigurationPlatforms) = preSolution
		Debug|Any CPU = Debug|Any CPU
		Release|Any CPU = Release|Any CPU
	EndGlobalSection
	GlobalSection(ProjectConfigurationPlatforms) = postSolution
		{711F72E1-747A-4826-B6C7-F462785DB491}.Debug|Any CPU.ActiveCfg = Debug|Any CPU
		{711F72E1-747A-4826-B6C7-F462785DB491}.Debug|Any CPU.Build.0 = Debug|Any CPU
		{711F72E1-747A-4826-B6C7-F462785DB491}.Release|Any CPU.ActiveCfg = Release|Any CPU
		{711F72E1-747A-4826-B6C7-F462785DB491}.Release|Any CPU.Build.0 = Release|Any CPU
	EndGlobalSection
	GlobalSection(SolutionProperties) = preSolution
		HideSolutionNode = FALSE
	EndGlobalSection
	GlobalSection(ExtensibilityGlobals) = postSolution
		SolutionGuid = {6A62135B-CB44-42C7-A823-67F3EB3909D5}
	EndGlobalSection
EndGlobal
